
Microsoft Visual Studio Solution File, Format Version 12.00
# Visual Studio Version 16
VisualStudioVersion = 16.0.32510.428
MinimumVisualStudioVersion = 10.0.40219.1
Project("{FAE04EC0-301F-11D3-BF4B-00C04F79EFBC}") = "OnlineExamAPI", "OnlineExamAPI\OnlineExamAPI.csproj", "{28527851-1EA4-42E9-B636-55717227134A}"
EndProject
Global
	GlobalSection(SolutionConfigurationPlatforms) = preSolution
		Debug|Any CPU = Debug|Any CPU
		Release|Any CPU = Release|Any CPU
	EndGlobalSection
	GlobalSection(ProjectConfigurationPlatforms) = postSolution
		{28527851-1EA4-42E9-B636-55717227134A}.Debug|Any CPU.ActiveCfg = Debug|Any CPU
		{28527851-1EA4-42E9-B636-55717227134A}.Debug|Any CPU.Build.0 = Debug|Any CPU
		{28527851-1EA4-42E9-B636-55717227134A}.Release|Any CPU.ActiveCfg = Release|Any CPU
		{28527851-1EA4-42E9-B636-55717227134A}.Release|Any CPU.Build.0 = Release|Any CPU
	EndGlobalSection
	GlobalSection(SolutionProperties) = preSolution
		HideSolutionNode = FALSE
	EndGlobalSection
	GlobalSection(ExtensibilityGlobals) = postSolution
		SolutionGuid = {A0A9D6A1-361E-4974-803E-8779AC5F7331}
	EndGlobalSection
EndGlobal
